
Microsoft Visual Studio Solution File, Format Version 12.00
# Visual Studio Version 17
VisualStudioVersion = 17.11.35312.102
MinimumVisualStudioVersion = 10.0.40219.1
Project("{FAE04EC0-301F-11D3-BF4B-00C04F79EFBC}") = "password manager", "password manager.csproj", "{DB1690F5-0E66-4A53-A2B4-093FE568A405}"
EndProject
Global
	GlobalSection(SolutionConfigurationPlatforms) = preSolution
		Debug|Any CPU = Debug|Any CPU
		Release|Any CPU = Release|Any CPU
	EndGlobalSection
	GlobalSection(ProjectConfigurationPlatforms) = postSolution
		{DB1690F5-0E66-4A53-A2B4-093FE568A405}.Debug|Any CPU.ActiveCfg = Debug|Any CPU
		{DB1690F5-0E66-4A53-A2B4-093FE568A405}.Debug|Any CPU.Build.0 = Debug|Any CPU
		{DB1690F5-0E66-4A53-A2B4-093FE568A405}.Release|Any CPU.ActiveCfg = Release|Any CPU
		{DB1690F5-0E66-4A53-A2B4-093FE568A405}.Release|Any CPU.Build.0 = Release|Any CPU
	EndGlobalSection
	GlobalSection(SolutionProperties) = preSolution
		HideSolutionNode = FALSE
	EndGlobalSection
	GlobalSection(ExtensibilityGlobals) = postSolution
		SolutionGuid = {841CB0C9-9CB5-412C-AB60-D69F5257025B}
	EndGlobalSection
EndGlobal
