
Microsoft Visual Studio Solution File, Format Version 12.00
# Visual Studio Version 17
VisualStudioVersion = 17.11.35312.102
MinimumVisualStudioVersion = 10.0.40219.1
Project("{FAE04EC0-301F-11D3-BF4B-00C04F79EFBC}") = "WinFormsApp1", "WinFormsApp1.csproj", "{FC37040C-78B9-4300-896D-333890B379C0}"
EndProject
Global
	GlobalSection(SolutionConfigurationPlatforms) = preSolution
		Debug|Any CPU = Debug|Any CPU
		Release|Any CPU = Release|Any CPU
	EndGlobalSection
	GlobalSection(ProjectConfigurationPlatforms) = postSolution
		{FC37040C-78B9-4300-896D-333890B379C0}.Debug|Any CPU.ActiveCfg = Debug|Any CPU
		{FC37040C-78B9-4300-896D-333890B379C0}.Debug|Any CPU.Build.0 = Debug|Any CPU
		{FC37040C-78B9-4300-896D-333890B379C0}.Release|Any CPU.ActiveCfg = Release|Any CPU
		{FC37040C-78B9-4300-896D-333890B379C0}.Release|Any CPU.Build.0 = Release|Any CPU
	EndGlobalSection
	GlobalSection(SolutionProperties) = preSolution
		HideSolutionNode = FALSE
	EndGlobalSection
	GlobalSection(ExtensibilityGlobals) = postSolution
		SolutionGuid = {D0B665D6-BDA0-4E64-B903-03BF4C6B4630}
	EndGlobalSection
EndGlobal
